// !$*UTF8*$!
{
	archiveVersion = 1;
	classes = {
	};
	objectVersion = 50;
	objects = {

/* Begin PBXBuildFile section */
		F95CE28D22615F07001AA824 /* AppDelegate.swift in Sources */ = {isa = PBXBuildFile; fileRef = F95CE28C22615F07001AA824 /* AppDelegate.swift */; };
		F95CE28F22615F07001AA824 /* ViewController.swift in Sources */ = {isa = PBXBuildFile; fileRef = F95CE28E22615F07001AA824 /* ViewController.swift */; };
		F95CE29222615F07001AA824 /* Main.storyboard in Resources */ = {isa = PBXBuildFile; fileRef = F95CE29022615F07001AA824 /* Main.storyboard */; };
		F95CE29522615F07001AA824 /* messengerapp.xcdatamodeld in Sources */ = {isa = PBXBuildFile; fileRef = F95CE29322615F07001AA824 /* messengerapp.xcdatamodeld */; };
		F95CE29722615F0C001AA824 /* Assets.xcassets in Resources */ = {isa = PBXBuildFile; fileRef = F95CE29622615F0C001AA824 /* Assets.xcassets */; };
		F95CE29A22615F0C001AA824 /* LaunchScreen.storyboard in Resources */ = {isa = PBXBuildFile; fileRef = F95CE29822615F0C001AA824 /* LaunchScreen.storyboard */; };
/* End PBXBuildFile section */

/* Begin PBXFileReference section */
		F95CE28922615F07001AA824 /* messengerapp.app */ = {isa = PBXFileReference; explicitFileType = wrapper.application; includeInIndex = 0; path = messengerapp.app; sourceTree = BUILT_PRODUCTS_DIR; };
		F95CE28C22615F07001AA824 /* AppDelegate.swift */ = {isa = PBXFileReference; lastKnownFileType = sourcecode.swift; path = AppDelegate.swift; sourceTree = "<group>"; };
		F95CE28E22615F07001AA824 /* ViewController.swift */ = {isa = PBXFileReference; lastKnownFileType = sourcecode.swift; path = ViewController.swift; sourceTree = "<group>"; };
		F95CE29122615F07001AA824 /* Base */ = {isa = PBXFileReference; lastKnownFileType = file.storyboard; name = Base; path = Base.lproj/Main.storyboard; sourceTree = "<group>"; };
		F95CE29422615F07001AA824 /* messengerapp.xcdatamodel */ = {isa = PBXFileReference; lastKnownFileType = wrapper.xcdatamodel; path = messengerapp.xcdatamodel; sourceTree = "<group>"; };
		F95CE29622615F0C001AA824 /* Assets.xcassets */ = {isa = PBXFileReference; lastKnownFileType = folder.assetcatalog; path = Assets.xcassets; sourceTree = "<group>"; };
		F95CE29922615F0C001AA824 /* Base */ = {isa = PBXFileReference; lastKnownFileType = file.storyboard; name = Base; path = Base.lproj/LaunchScreen.storyboard; sourceTree = "<group>"; };
		F95CE29B22615F0C001AA824 /* Info.plist */ = {isa = PBXFileReference; lastKnownFileType = text.plist.xml; path = Info.plist; sourceTree = "<group>"; };
/* End PBXFileReference section */

/* Begin PBXFrameworksBuildPhase section */
		F95CE28622615F07001AA824 /* Frameworks */ = {
			isa = PBXFrameworksBuildPhase;
			buildActionMask = 2147483647;
			files = (
			);
			runOnlyForDeploymentPostprocessing = 0;
		};
/* End PBXFrameworksBuildPhase section */

/* Begin PBXGroup section */
		F95CE28022615F07001AA824 = {
			isa = PBXGroup;
			children = (
				F95CE28B22615F07001AA824 /* messengerapp */,
				F95CE28A22615F07001AA824 /* Products */,
			);
			sourceTree = "<group>";
		};
		F95CE28A22615F07001AA824 /* Products */ = {
			isa = PBXGroup;
			children = (
				F95CE28922615F07001AA824 /* messengerapp.app */,
			);
			name = Products;
			sourceTree = "<group>";
		};
		F95CE28B22615F07001AA824 /* messengerapp */ = {
			isa = PBXGroup;
			children = (
				F95CE28C22615F07001AA824 /* AppDelegate.swift */,
				F95CE28E22615F07001AA824 /* ViewController.swift */,
				F95CE29022615F07001AA824 /* Main.storyboard */,
				F95CE29622615F0C001AA824 /* Assets.xcassets */,
				F95CE29822615F0C001AA824 /* LaunchScreen.storyboard */,
				F95CE29B22615F0C001AA824 /* Info.plist */,
				F95CE29322615F07001AA824 /* messengerapp.xcdatamodeld */,
			);
			path = messengerapp;
			sourceTree = "<group>";
		};
/* End PBXGroup section */

/* Begin PBXNativeTarget section */
		F95CE28822615F07001AA824 /* messengerapp */ = {
			isa = PBXNativeTarget;
			buildConfigurationList = F95CE29E22615F0C001AA824 /* Build configuration list for PBXNativeTarget "messengerapp" */;
			buildPhases = (
				F95CE28522615F07001AA824 /* Sources */,
				F95CE28622615F07001AA824 /* Frameworks */,
				F95CE28722615F07001AA824 /* Resources */,
			);
			buildRules = (
			);
			dependencies = (
			);
			name = messengerapp;
			productName = messengerapp;
			productReference = F95CE28922615F07001AA824 /* messengerapp.app */;
			productType = "com.apple.product-type.application";
		};
/* End PBXNativeTarget section */

/* Begin PBXProject section */
		F95CE28122615F07001AA824 /* Project object */ = {
			isa = PBXProject;
			attributes = {
				LastSwiftUpdateCheck = 1020;
				LastUpgradeCheck = 1020;
				ORGANIZATIONNAME = "Marlon Escobar A.";
				TargetAttributes = {
					F95CE28822615F07001AA824 = {
						CreatedOnToolsVersion = 10.2;
					};
				};
			};
			buildConfigurationList = F95CE28422615F07001AA824 /* Build configuration list for PBXProject "messengerapp" */;
			compatibilityVersion = "Xcode 9.3";
			developmentRegion = en;
			hasScannedForEncodings = 0;
			knownRegions = (
				en,
				Base,
			);
			mainGroup = F95CE28022615F07001AA824;
			productRefGroup = F95CE28A22615F07001AA824 /* Products */;
			projectDirPath = "";
			projectRoot = "";
			targets = (
				F95CE28822615F07001AA824 /* messengerapp */,
			);
		};
/* End PBXProject section */

/* Begin PBXResourcesBuildPhase section */
		F95CE28722615F07001AA824 /* Resources */ = {
			isa = PBXResourcesBuildPhase;
			buildActionMask = 2147483647;
			files = (
				F95CE29A22615F0C001AA824 /* LaunchScreen.storyboard in Resources */,
				F95CE29722615F0C001AA824 /* Assets.xcassets in Resources */,
				F95CE29222615F07001AA824 /* Main.storyboard in Resources */,
			);
			runOnlyForDeploymentPostprocessing = 0;
		};
/* End PBXResourcesBuildPhase section */

/* Begin PBXSourcesBuildPhase section */
		F95CE28522615F07001AA824 /* Sources */ = {
			isa = PBXSourcesBuildPhase;
			buildActionMask = 2147483647;
			files = (
				F95CE29522615F07001AA824 /* messengerapp.xcdatamodeld in Sources */,
				F95CE28F22615F07001AA824 /* ViewController.swift in Sources */,
				F95CE28D22615F07001AA824 /* AppDelegate.swift in Sources */,
			);
			runOnlyForDeploymentPostprocessing = 0;
		};
/* End PBXSourcesBuildPhase section */

/* Begin PBXVariantGroup section */
		F95CE29022615F07001AA824 /* Main.storyboard */ = {
			isa = PBXVariantGroup;
			children = (
				F95CE29122615F07001AA824 /* Base */,
			);
			name = Main.storyboard;
			sourceTree = "<group>";
		};
		F95CE29822615F0C001AA824 /* LaunchScreen.storyboard */ = {
			isa = PBXVariantGroup;
			children = (
				F95CE29922615F0C001AA824 /* Base */,
			);
			name = LaunchScreen.storyboard;
			sourceTree = "<group>";
		};
/* End PBXVariantGroup section */

/* Begin XCBuildConfiguration section */
		F95CE29C22615F0C001AA824 /* Debug */ = {
			isa = XCBuildConfiguration;
			buildSettings = {
				ALWAYS_SEARCH_USER_PATHS = NO;
				CLANG_ANALYZER_NONNULL = YES;
				CLANG_ANALYZER_NUMBER_OBJECT_CONVERSION = YES_AGGRESSIVE;
				CLANG_CXX_LANGUAGE_STANDARD = "gnu++14";
				CLANG_CXX_LIBRARY = "libc++";
				CLANG_ENABLE_MODULES = YES;
				CLANG_ENABLE_OBJC_ARC = YES;
				CLANG_ENABLE_OBJC_WEAK = YES;
				CLANG_WARN_BLOCK_CAPTURE_AUTORELEASING = YES;
				CLANG_WARN_BOOL_CONVERSION = YES;
				CLANG_WARN_COMMA = YES;
				CLANG_WARN_CONSTANT_CONVERSION = YES;
				CLANG_WARN_DEPRECATED_OBJC_IMPLEMENTATIONS = YES;
				CLANG_WARN_DIRECT_OBJC_ISA_USAGE = YES_ERROR;
				CLANG_WARN_DOCUMENTATION_COMMENTS = YES;
				CLANG_WARN_EMPTY_BODY = YES;
				CLANG_WARN_ENUM_CONVERSION = YES;
				CLANG_WARN_INFINITE_RECURSION = YES;
				CLANG_WARN_INT_CONVERSION = YES;
				CLANG_WARN_NON_LITERAL_NULL_CONVERSION = YES;
				CLANG_WARN_OBJC_IMPLICIT_RETAIN_SELF = YES;
				CLANG_WARN_OBJC_LITERAL_CONVERSION = YES;
				CLANG_WARN_OBJC_ROOT_CLASS = YES_ERROR;
				CLANG_WARN_RANGE_LOOP_ANALYSIS = YES;
				CLANG_WARN_STRICT_PROTOTYPES = YES;
				CLANG_WARN_SUSPICIOUS_MOVE = YES;
				CLANG_WARN_UNGUARDED_AVAILABILITY = YES_AGGRESSIVE;
				CLANG_WARN_UNREACHABLE_CODE = YES;
				CLANG_WARN__DUPLICATE_METHOD_MATCH = YES;
				CODE_SIGN_IDENTITY = "iPhone Developer";
				COPY_PHASE_STRIP = NO;
				DEBUG_INFORMATION_FORMAT = dwarf;
				ENABLE_STRICT_OBJC_MSGSEND = YES;
				ENABLE_TESTABILITY = YES;
				GCC_C_LANGUAGE_STANDARD = gnu11;
				GCC_DYNAMIC_NO_PIC = NO;
				GCC_NO_COMMON_BLOCKS = YES;
				GCC_OPTIMIZATION_LEVEL = 0;
				GCC_PREPROCESSOR_DEFINITIONS = (
					"DEBUG=1",
					"$(inherited)",
				);
				GCC_WARN_64_TO_32_BIT_CONVERSION = YES;
				GCC_WARN_ABOUT_RETURN_TYPE = YES_ERROR;
				GCC_WARN_UNDECLARED_SELECTOR = YES;
				GCC_WARN_UNINITIALIZED_AUTOS = YES_AGGRESSIVE;
				GCC_WARN_UNUSED_FUNCTION = YES;
				GCC_WARN_UNUSED_VARIABLE = YES;
				IPHONEOS_DEPLOYMENT_TARGET = 12.2;
				MTL_ENABLE_DEBUG_INFO = INCLUDE_SOURCE;
				MTL_FAST_MATH = YES;
				ONLY_ACTIVE_ARCH = YES;
				SDKROOT = iphoneos;
				SWIFT_ACTIVE_COMPILATION_CONDITIONS = DEBUG;
				SWIFT_OPTIMIZATION_LEVEL = "-Onone";
			};
			name = Debug;
		};
		F95CE29D22615F0C001AA824 /* Release */ = {
			isa = XCBuildConfiguration;
			buildSettings = {
				ALWAYS_SEARCH_USER_PATHS = NO;
				CLANG_ANALYZER_NONNULL = YES;
				CLANG_ANALYZER_NUMBER_OBJECT_CONVERSION = YES_AGGRESSIVE;
				CLANG_CXX_LANGUAGE_STANDARD = "gnu++14";
				CLANG_CXX_LIBRARY = "libc++";
				CLANG_ENABLE_MODULES = YES;
				CLANG_ENABLE_OBJC_ARC = YES;
				CLANG_ENABLE_OBJC_WEAK = YES;
				CLANG_WARN_BLOCK_CAPTURE_AUTORELEASING = YES;
				CLANG_WARN_BOOL_CONVERSION = YES;
				CLANG_WARN_COMMA = YES;
				CLANG_WARN_CONSTANT_CONVERSION = YES;
				CLANG_WARN_DEPRECATED_OBJC_IMPLEMENTATIONS = YES;
				CLANG_WARN_DIRECT_OBJC_ISA_USAGE = YES_ERROR;
				CLANG_WARN_DOCUMENTATION_COMMENTS = YES;
				CLANG_WARN_EMPTY_BODY = YES;
				CLANG_WARN_ENUM_CONVERSION = YES;
				CLANG_WARN_INFINITE_RECURSION = YES;
				CLANG_WARN_INT_CONVERSION = YES;
				CLANG_WARN_NON_LITERAL_NULL_CONVERSION = YES;
				CLANG_WARN_OBJC_IMPLICIT_RETAIN_SELF = YES;
				CLANG_WARN_OBJC_LITERAL_CONVERSION = YES;
				CLANG_WARN_OBJC_ROOT_CLASS = YES_ERROR;
				CLANG_WARN_RANGE_LOOP_ANALYSIS = YES;
				CLANG_WARN_STRICT_PROTOTYPES = YES;
				CLANG_WARN_SUSPICIOUS_MOVE = YES;
				CLANG_WARN_UNGUARDED_AVAILABILITY = YES_AGGRESSIVE;
				CLANG_WARN_UNREACHABLE_CODE = YES;
				CLANG_WARN__DUPLICATE_METHOD_MATCH = YES;
				CODE_SIGN_IDENTITY = "iPhone Developer";
				COPY_PHASE_STRIP = NO;
				DEBUG_INFORMATION_FORMAT = "dwarf-with-dsym";
				ENABLE_NS_ASSERTIONS = NO;
				ENABLE_STRICT_OBJC_MSGSEND = YES;
				GCC_C_LANGUAGE_STANDARD = gnu11;
				GCC_NO_COMMON_BLOCKS = YES;
				GCC_WARN_64_TO_32_BIT_CONVERSION = YES;
				GCC_WARN_ABOUT_RETURN_TYPE = YES_ERROR;
				GCC_WARN_UNDECLARED_SELECTOR = YES;
				GCC_WARN_UNINITIALIZED_AUTOS = YES_AGGRESSIVE;
				GCC_WARN_UNUSED_FUNCTION = YES;
				GCC_WARN_UNUSED_VARIABLE = YES;
				IPHONEOS_DEPLOYMENT_TARGET = 12.2;
				MTL_ENABLE_DEBUG_INFO = NO;
				MTL_FAST_MATH = YES;
				SDKROOT = iphoneos;
				SWIFT_COMPILATION_MODE = wholemodule;
				SWIFT_OPTIMIZATION_LEVEL = "-O";
				VALIDATE_PRODUCT = YES;
			};
			name = Release;
		};
		F95CE29F22615F0C001AA824 /* Debug */ = {
			isa = XCBuildConfiguration;
			buildSettings = {
				ASSETCATALOG_COMPILER_APPICON_NAME = AppIcon;
				CODE_SIGN_STYLE = Automatic;
				INFOPLIST_FILE = messengerapp/Info.plist;
				LD_RUNPATH_SEARCH_PATHS = (
					"$(inherited)",
					"@executable_path/Frameworks",
				);
				PRODUCT_BUNDLE_IDENTIFIER = com.appsmontreal.messengerapp;
				PRODUCT_NAME = "$(TARGET_NAME)";
				SWIFT_VERSION = 5.0;
				TARGETED_DEVICE_FAMILY = "1,2";
			};
			name = Debug;
		};
		F95CE2A022615F0C001AA824 /* Release */ = {
			isa = XCBuildConfiguration;
			buildSettings = {
				ASSETCATALOG_COMPILER_APPICON_NAME = AppIcon;
				CODE_SIGN_STYLE = Automatic;
				INFOPLIST_FILE = messengerapp/Info.plist;
				LD_RUNPATH_SEARCH_PATHS = (
					"$(inherited)",
					"@executable_path/Frameworks",
				);
				PRODUCT_BUNDLE_IDENTIFIER = com.appsmontreal.messengerapp;
				PRODUCT_NAME = "$(TARGET_NAME)";
				SWIFT_VERSION = 5.0;
				TARGETED_DEVICE_FAMILY = "1,2";
			};
			name = Release;
		};
/* End XCBuildConfiguration section */

/* Begin XCConfigurationList section */
		F95CE28422615F07001AA824 /* Build configuration list for PBXProject "messengerapp" */ = {
			isa = XCConfigurationList;
			buildConfigurations = (
				F95CE29C22615F0C001AA824 /* Debug */,
				F95CE29D22615F0C001AA824 /* Release */,
			);
			defaultConfigurationIsVisible = 0;
			defaultConfigurationName = Release;
		};
		F95CE29E22615F0C001AA824 /* Build configuration list for PBXNativeTarget "messengerapp" */ = {
			isa = XCConfigurationList;
			buildConfigurations = (
				F95CE29F22615F0C001AA824 /* Debug */,
				F95CE2A022615F0C001AA824 /* Release */,
			);
			defaultConfigurationIsVisible = 0;
			defaultConfigurationName = Release;
		};
/* End XCConfigurationList section */

/* Begin XCVersionGroup section */
		F95CE29322615F07001AA824 /* messengerapp.xcdatamodeld */ = {
			isa = XCVersionGroup;
			children = (
				F95CE29422615F07001AA824 /* messengerapp.xcdatamodel */,
			);
			currentVersion = F95CE29422615F07001AA824 /* messengerapp.xcdatamodel */;
			path = messengerapp.xcdatamodeld;
			sourceTree = "<group>";
			versionGroupType = wrapper.xcdatamodel;
		};
/* End XCVersionGroup section */
	};
	rootObject = F95CE28122615F07001AA824 /* Project object */;
}
